
Microsoft Visual Studio Solution File, Format Version 12.00
# Visual Studio Version 17
VisualStudioVersion = 17.0.32112.339
MinimumVisualStudioVersion = 10.0.40219.1
Project("{FAE04EC0-301F-11D3-BF4B-00C04F79EFBC}") = "Exercício 2", "Exercício 2\Exercício 2.csproj", "{244F2A88-A09E-4C33-9A10-93483805ACA6}"
EndProject
Global
	GlobalSection(SolutionConfigurationPlatforms) = preSolution
		Debug|Any CPU = Debug|Any CPU
		Release|Any CPU = Release|Any CPU
	EndGlobalSection
	GlobalSection(ProjectConfigurationPlatforms) = postSolution
		{244F2A88-A09E-4C33-9A10-93483805ACA6}.Debug|Any CPU.ActiveCfg = Debug|Any CPU
		{244F2A88-A09E-4C33-9A10-93483805ACA6}.Debug|Any CPU.Build.0 = Debug|Any CPU
		{244F2A88-A09E-4C33-9A10-93483805ACA6}.Release|Any CPU.ActiveCfg = Release|Any CPU
		{244F2A88-A09E-4C33-9A10-93483805ACA6}.Release|Any CPU.Build.0 = Release|Any CPU
	EndGlobalSection
	GlobalSection(SolutionProperties) = preSolution
		HideSolutionNode = FALSE
	EndGlobalSection
	GlobalSection(ExtensibilityGlobals) = postSolution
		SolutionGuid = {91D90A16-F2ED-4051-AFE1-3BA2CA019B04}
	EndGlobalSection
EndGlobal
